
Microsoft Visual Studio Solution File, Format Version 12.00
# Visual Studio Version 17
VisualStudioVersion = 17.13.35931.197 d17.13
MinimumVisualStudioVersion = 10.0.40219.1
Project("{FAE04EC0-301F-11D3-BF4B-00C04F79EFBC}") = "CodeTranslator", "CodeTranslator.csproj", "{8AE732BD-AB88-9AFE-6BA4-AF3B49840865}"
EndProject
Global
	GlobalSection(SolutionConfigurationPlatforms) = preSolution
		Debug|Any CPU = Debug|Any CPU
		Release|Any CPU = Release|Any CPU
	EndGlobalSection
	GlobalSection(ProjectConfigurationPlatforms) = postSolution
		{8AE732BD-AB88-9AFE-6BA4-AF3B49840865}.Debug|Any CPU.ActiveCfg = Debug|Any CPU
		{8AE732BD-AB88-9AFE-6BA4-AF3B49840865}.Debug|Any CPU.Build.0 = Debug|Any CPU
		{8AE732BD-AB88-9AFE-6BA4-AF3B49840865}.Release|Any CPU.ActiveCfg = Release|Any CPU
		{8AE732BD-AB88-9AFE-6BA4-AF3B49840865}.Release|Any CPU.Build.0 = Release|Any CPU
	EndGlobalSection
	GlobalSection(SolutionProperties) = preSolution
		HideSolutionNode = FALSE
	EndGlobalSection
	GlobalSection(ExtensibilityGlobals) = postSolution
		SolutionGuid = {BDE52153-71B1-47F5-8562-A3B99C0D870A}
	EndGlobalSection
EndGlobal
